{
  "name": "tui-use",
  "version": "0.1.17",
  "lockfileVersion": 3,
  "requires": true,
  "packages": {
    "": {
      "name": "tui-use",
      "version": "0.1.17",
      "hasInstallScript": true,
      "dependencies": {
        "@xterm/headless": "^6.0.0",
        "commander": "^12.0.0",
        "node-pty": "^1.0.0"
      },
      "bin": {
        "tui-use": "dist/cli.js"
      },
      "engines": {
        "node": ">=18.0.0"
      }
    },
    "node_modules/@xterm/headless": {
      "version": "6.0.0",
      "resolved": "https://registry.npmjs.org/@xterm/headless/-/headless-6.0.0.tgz",
      "integrity": "sha512-5Yj1QINYCyzrZtf8OFIHi47iQtI+0qYFPHmouEfG8dHNxbZ9Tb9YGSuLcsEwj9Z+OL75GJqPyJbyoFer80a2Hw==",
      "license": "MIT",
      "workspaces": [
        "addons/*"
      ]
    },
    "node_modules/commander": {
      "version": "12.1.0",
      "resolved": "https://registry.npmjs.org/commander/-/commander-12.1.0.tgz",
      "integrity": "sha512-Vw8qHK3bZM9y/P10u3Vib8o/DdkvA2OtPtZvD871QKjy74Wj1WSKFILMPRPSdUSx5RFK1arlJzEtA4PkFgnbuA==",
      "license": "MIT",
      "engines": {
        "node": ">=18"
      }
    },
    "node_modules/node-addon-api": {
      "version": "7.1.1",
      "resolved": "https://registry.npmjs.org/node-addon-api/-/node-addon-api-7.1.1.tgz",
      "integrity": "sha512-5m3bsyrjFWE1xf7nz7YXdN4udnVtXK6/Yfgn5qnahL6bCkf2yKt4k3nuTKAtT4r3IG8JNR2ncsIMdZuAzJjHQQ==",
      "license": "MIT"
    },
    "node_modules/node-pty": {
      "version": "1.1.0",
      "resolved": "https://registry.npmjs.org/node-pty/-/node-pty-1.1.0.tgz",
      "integrity": "sha512-20JqtutY6JPXTUnL0ij1uad7Qe1baT46lyolh2sSENDd4sTzKZ4nmAFkeAARDKwmlLjPx6XKRlwRUxwjOy+lUg==",
      "hasInstallScript": true,
      "license": "MIT",
      "dependencies": {
        "node-addon-api": "^7.1.0"
      }
    }
  }
}
